
Microsoft Visual Studio Solution File, Format Version 12.00
# Visual Studio 15
VisualStudioVersion = 15.0.28010.2050
MinimumVisualStudioVersion = 10.0.40219.1
Project("{9A19103F-16F7-4668-BE54-9A1E7A4F7556}") = "WebApplication1", "WebApplication1\WebApplication1.csproj", "{E4DB827C-0824-4751-9C9C-8C4FEFF0F197}"
EndProject
Project("{2150E333-8FDC-42A3-9474-1A3956D46DE8}") = "Solution Items", "Solution Items", "{30B7AA8A-BA03-40F3-843C-04758318A7F2}"
	ProjectSection(SolutionItems) = preProject
		..\.gitignore = ..\.gitignore
		..\azure-pipelines.yml = ..\azure-pipelines.yml
	EndProjectSection
EndProject
Project("{FAE04EC0-301F-11D3-BF4B-00C04F79EFBC}") = "WebApplication1.Tests", "WebApplication1.Tests\WebApplication1.Tests.csproj", "{253AC64B-B93D-4669-AB16-DC0CCA83E1DD}"
EndProject
Global
	GlobalSection(SolutionConfigurationPlatforms) = preSolution
		Debug|Any CPU = Debug|Any CPU
		Release|Any CPU = Release|Any CPU
	EndGlobalSection
	GlobalSection(ProjectConfigurationPlatforms) = postSolution
		{E4DB827C-0824-4751-9C9C-8C4FEFF0F197}.Debug|Any CPU.ActiveCfg = Debug|Any CPU
		{E4DB827C-0824-4751-9C9C-8C4FEFF0F197}.Debug|Any CPU.Build.0 = Debug|Any CPU
		{E4DB827C-0824-4751-9C9C-8C4FEFF0F197}.Release|Any CPU.ActiveCfg = Release|Any CPU
		{E4DB827C-0824-4751-9C9C-8C4FEFF0F197}.Release|Any CPU.Build.0 = Release|Any CPU
		{253AC64B-B93D-4669-AB16-DC0CCA83E1DD}.Debug|Any CPU.ActiveCfg = Debug|Any CPU
		{253AC64B-B93D-4669-AB16-DC0CCA83E1DD}.Debug|Any CPU.Build.0 = Debug|Any CPU
		{253AC64B-B93D-4669-AB16-DC0CCA83E1DD}.Release|Any CPU.ActiveCfg = Release|Any CPU
		{253AC64B-B93D-4669-AB16-DC0CCA83E1DD}.Release|Any CPU.Build.0 = Release|Any CPU
	EndGlobalSection
	GlobalSection(SolutionProperties) = preSolution
		HideSolutionNode = FALSE
	EndGlobalSection
	GlobalSection(ExtensibilityGlobals) = postSolution
		SolutionGuid = {A33675A1-1822-46B0-A6CE-F249C3731CBB}
	EndGlobalSection
EndGlobal
